// !$*UTF8*$!
{
	archiveVersion = 1;
	classes = {
	};
	objectVersion = 46;
	objects = {

/* Begin PBXBuildFile section */
		36EBC28C1D1B280E72CDC9A6 /* Boo.mm in Sources */ = {isa = PBXBuildFile; fileRef = 36EBC3C4DEBCEF98BF0248D4 /* Boo.mm */; };
		36EBC940F92AF77B909FDB4C /* SuperBoo.mm in Sources */ = {isa = PBXBuildFile; fileRef = 36EBCD1F70F54274B589A0F5 /* SuperBoo.mm */; };
		36EBCAA7D6C93354E27443F4 /* Foo.mm in Sources */ = {isa = PBXBuildFile; fileRef = 36EBCF48C04F8C194A990F10 /* Foo.mm */; };
		CED47B8B172D37DC00676545 /* main.cpp in Sources */ = {isa = PBXBuildFile; fileRef = CED47B8A172D37DC00676545 /* main.cpp */; };
		CED47B8D172D37DC00676545 /* cPlusPlus.1 in CopyFiles */ = {isa = PBXBuildFile; fileRef = CED47B8C172D37DC00676545 /* cPlusPlus.1 */; };
/* End PBXBuildFile section */

/* Begin PBXCopyFilesBuildPhase section */
		CED47B85172D37DC00676545 /* CopyFiles */ = {
			isa = PBXCopyFilesBuildPhase;
			buildActionMask = 2147483647;
			dstPath = /usr/share/man/man1/;
			dstSubfolderSpec = 0;
			files = (
				CED47B8D172D37DC00676545 /* cPlusPlus.1 in CopyFiles */,
			);
			runOnlyForDeploymentPostprocessing = 1;
		};
/* End PBXCopyFilesBuildPhase section */

/* Begin PBXFileReference section */
		36EBC3C4DEBCEF98BF0248D4 /* Boo.mm */ = {isa = PBXFileReference; fileEncoding = 4; lastKnownFileType = sourcecode.cpp.objcpp; path = Boo.mm; sourceTree = "<group>"; };
		36EBC5D49AE1BDF0A566F6EF /* Boo.h */ = {isa = PBXFileReference; fileEncoding = 4; lastKnownFileType = sourcecode.c.h; path = Boo.h; sourceTree = "<group>"; };
		36EBCBDDDD53CDFFB760BF8D /* Foo.h */ = {isa = PBXFileReference; fileEncoding = 4; lastKnownFileType = sourcecode.c.h; path = Foo.h; sourceTree = "<group>"; };
		36EBCD1F70F54274B589A0F5 /* SuperBoo.mm */ = {isa = PBXFileReference; fileEncoding = 4; lastKnownFileType = sourcecode.cpp.objcpp; path = SuperBoo.mm; sourceTree = "<group>"; };
		36EBCE66913C89D055997534 /* SuperBoo.h */ = {isa = PBXFileReference; fileEncoding = 4; lastKnownFileType = sourcecode.c.h; path = SuperBoo.h; sourceTree = "<group>"; };
		36EBCF48C04F8C194A990F10 /* Foo.mm */ = {isa = PBXFileReference; fileEncoding = 4; lastKnownFileType = sourcecode.cpp.objcpp; path = Foo.mm; sourceTree = "<group>"; };
		CED47B87172D37DC00676545 /* cPlusPlus */ = {isa = PBXFileReference; explicitFileType = "compiled.mach-o.executable"; includeInIndex = 0; path = cPlusPlus; sourceTree = BUILT_PRODUCTS_DIR; };
		CED47B8A172D37DC00676545 /* main.cpp */ = {isa = PBXFileReference; lastKnownFileType = sourcecode.cpp.cpp; path = main.cpp; sourceTree = "<group>"; };
		CED47B8C172D37DC00676545 /* cPlusPlus.1 */ = {isa = PBXFileReference; lastKnownFileType = text.man; path = cPlusPlus.1; sourceTree = "<group>"; };
/* End PBXFileReference section */

/* Begin PBXFrameworksBuildPhase section */
		CED47B84172D37DC00676545 /* Frameworks */ = {
			isa = PBXFrameworksBuildPhase;
			buildActionMask = 2147483647;
			files = (
			);
			runOnlyForDeploymentPostprocessing = 0;
		};
/* End PBXFrameworksBuildPhase section */

/* Begin PBXGroup section */
		CED47B7E172D37DC00676545 = {
			isa = PBXGroup;
			children = (
				CED47B89172D37DC00676545 /* cPlusPlus */,
				CED47B88172D37DC00676545 /* Products */,
			);
			sourceTree = "<group>";
		};
		CED47B88172D37DC00676545 /* Products */ = {
			isa = PBXGroup;
			children = (
				CED47B87172D37DC00676545 /* cPlusPlus */,
			);
			name = Products;
			sourceTree = "<group>";
		};
		CED47B89172D37DC00676545 /* cPlusPlus */ = {
			isa = PBXGroup;
			children = (
				CED47B8A172D37DC00676545 /* main.cpp */,
				CED47B8C172D37DC00676545 /* cPlusPlus.1 */,
				36EBCD1F70F54274B589A0F5 /* SuperBoo.mm */,
				36EBCE66913C89D055997534 /* SuperBoo.h */,
				36EBC3C4DEBCEF98BF0248D4 /* Boo.mm */,
				36EBC5D49AE1BDF0A566F6EF /* Boo.h */,
				36EBCF48C04F8C194A990F10 /* Foo.mm */,
				36EBCBDDDD53CDFFB760BF8D /* Foo.h */,
			);
			path = cPlusPlus;
			sourceTree = "<group>";
		};
/* End PBXGroup section */

/* Begin PBXNativeTarget section */
		CED47B86172D37DC00676545 /* cPlusPlus */ = {
			isa = PBXNativeTarget;
			buildConfigurationList = CED47B90172D37DC00676545 /* Build configuration list for PBXNativeTarget "cPlusPlus" */;
			buildPhases = (
				CED47B83172D37DC00676545 /* Sources */,
				CED47B84172D37DC00676545 /* Frameworks */,
				CED47B85172D37DC00676545 /* CopyFiles */,
			);
			buildRules = (
			);
			dependencies = (
			);
			name = cPlusPlus;
			productName = cPlusPlus;
			productReference = CED47B87172D37DC00676545 /* cPlusPlus */;
			productType = "com.apple.product-type.tool";
		};
/* End PBXNativeTarget section */

/* Begin PBXProject section */
		CED47B7F172D37DC00676545 /* Project object */ = {
			isa = PBXProject;
			attributes = {
				LastUpgradeCheck = 0460;
				ORGANIZATIONNAME = JohnPoison;
			};
			buildConfigurationList = CED47B82172D37DC00676545 /* Build configuration list for PBXProject "cPlusPlus" */;
			compatibilityVersion = "Xcode 3.2";
			developmentRegion = English;
			hasScannedForEncodings = 0;
			knownRegions = (
				en,
			);
			mainGroup = CED47B7E172D37DC00676545;
			productRefGroup = CED47B88172D37DC00676545 /* Products */;
			projectDirPath = "";
			projectRoot = "";
			targets = (
				CED47B86172D37DC00676545 /* cPlusPlus */,
			);
		};
/* End PBXProject section */

/* Begin PBXSourcesBuildPhase section */
		CED47B83172D37DC00676545 /* Sources */ = {
			isa = PBXSourcesBuildPhase;
			buildActionMask = 2147483647;
			files = (
				CED47B8B172D37DC00676545 /* main.cpp in Sources */,
				36EBC940F92AF77B909FDB4C /* SuperBoo.mm in Sources */,
				36EBC28C1D1B280E72CDC9A6 /* Boo.mm in Sources */,
				36EBCAA7D6C93354E27443F4 /* Foo.mm in Sources */,
			);
			runOnlyForDeploymentPostprocessing = 0;
		};
/* End PBXSourcesBuildPhase section */

/* Begin XCBuildConfiguration section */
		CED47B8E172D37DC00676545 /* Debug */ = {
			isa = XCBuildConfiguration;
			buildSettings = {
				ALWAYS_SEARCH_USER_PATHS = NO;
				ARCHS = "$(ARCHS_STANDARD_64_BIT)";
				CLANG_CXX_LANGUAGE_STANDARD = "gnu++0x";
				CLANG_CXX_LIBRARY = "libc++";
				CLANG_WARN_CONSTANT_CONVERSION = YES;
				CLANG_WARN_EMPTY_BODY = YES;
				CLANG_WARN_ENUM_CONVERSION = YES;
				CLANG_WARN_INT_CONVERSION = YES;
				CLANG_WARN__DUPLICATE_METHOD_MATCH = YES;
				COPY_PHASE_STRIP = NO;
				GCC_C_LANGUAGE_STANDARD = gnu99;
				GCC_DYNAMIC_NO_PIC = NO;
				GCC_ENABLE_OBJC_EXCEPTIONS = YES;
				GCC_OPTIMIZATION_LEVEL = 0;
				GCC_PREPROCESSOR_DEFINITIONS = (
					"DEBUG=1",
					"$(inherited)",
				);
				GCC_SYMBOLS_PRIVATE_EXTERN = NO;
				GCC_WARN_64_TO_32_BIT_CONVERSION = YES;
				GCC_WARN_ABOUT_RETURN_TYPE = YES;
				GCC_WARN_UNINITIALIZED_AUTOS = YES;
				GCC_WARN_UNUSED_VARIABLE = YES;
				MACOSX_DEPLOYMENT_TARGET = 10.8;
				ONLY_ACTIVE_ARCH = YES;
				SDKROOT = macosx;
			};
			name = Debug;
		};
		CED47B8F172D37DC00676545 /* Release */ = {
			isa = XCBuildConfiguration;
			buildSettings = {
				ALWAYS_SEARCH_USER_PATHS = NO;
				ARCHS = "$(ARCHS_STANDARD_64_BIT)";
				CLANG_CXX_LANGUAGE_STANDARD = "gnu++0x";
				CLANG_CXX_LIBRARY = "libc++";
				CLANG_WARN_CONSTANT_CONVERSION = YES;
				CLANG_WARN_EMPTY_BODY = YES;
				CLANG_WARN_ENUM_CONVERSION = YES;
				CLANG_WARN_INT_CONVERSION = YES;
				CLANG_WARN__DUPLICATE_METHOD_MATCH = YES;
				COPY_PHASE_STRIP = YES;
				DEBUG_INFORMATION_FORMAT = "dwarf-with-dsym";
				GCC_C_LANGUAGE_STANDARD = gnu99;
				GCC_ENABLE_OBJC_EXCEPTIONS = YES;
				GCC_WARN_64_TO_32_BIT_CONVERSION = YES;
				GCC_WARN_ABOUT_RETURN_TYPE = YES;
				GCC_WARN_UNINITIALIZED_AUTOS = YES;
				GCC_WARN_UNUSED_VARIABLE = YES;
				MACOSX_DEPLOYMENT_TARGET = 10.8;
				SDKROOT = macosx;
			};
			name = Release;
		};
		CED47B91172D37DC00676545 /* Debug */ = {
			isa = XCBuildConfiguration;
			buildSettings = {
				PRODUCT_NAME = "$(TARGET_NAME)";
			};
			name = Debug;
		};
		CED47B92172D37DC00676545 /* Release */ = {
			isa = XCBuildConfiguration;
			buildSettings = {
				PRODUCT_NAME = "$(TARGET_NAME)";
			};
			name = Release;
		};
/* End XCBuildConfiguration section */

/* Begin XCConfigurationList section */
		CED47B82172D37DC00676545 /* Build configuration list for PBXProject "cPlusPlus" */ = {
			isa = XCConfigurationList;
			buildConfigurations = (
				CED47B8E172D37DC00676545 /* Debug */,
				CED47B8F172D37DC00676545 /* Release */,
			);
			defaultConfigurationIsVisible = 0;
			defaultConfigurationName = Release;
		};
		CED47B90172D37DC00676545 /* Build configuration list for PBXNativeTarget "cPlusPlus" */ = {
			isa = XCConfigurationList;
			buildConfigurations = (
				CED47B91172D37DC00676545 /* Debug */,
				CED47B92172D37DC00676545 /* Release */,
			);
			defaultConfigurationIsVisible = 0;
		};
/* End XCConfigurationList section */
	};
	rootObject = CED47B7F172D37DC00676545 /* Project object */;
}
